
Microsoft Visual Studio Solution File, Format Version 12.00
# Visual Studio 15
VisualStudioVersion = 15.0.28010.2050
MinimumVisualStudioVersion = 10.0.40219.1
Project("{8BC9CEB8-8B4A-11D0-8D11-00A0C91BC942}") = "HEFD_MCS", "HEFD_MCS\HEFD_MCS.vcxproj", "{8DF4F7FC-4E9E-4043-AFB6-D879CE389C02}"
	ProjectSection(ProjectDependencies) = postProject
		{72AC4C5E-F4FC-4C70-A2C9-433ED4549073} = {72AC4C5E-F4FC-4C70-A2C9-433ED4549073}
		{E25CF29D-6B97-479B-A1EF-9F436E021E0D} = {E25CF29D-6B97-479B-A1EF-9F436E021E0D}
		{FD5FE4DD-CA9C-45CC-B092-05FE5CBFF410} = {FD5FE4DD-CA9C-45CC-B092-05FE5CBFF410}
		{D48F1AFC-5E2B-4ACA-A996-A420344781C5} = {D48F1AFC-5E2B-4ACA-A996-A420344781C5}
	EndProjectSection
EndProject
Project("{8BC9CEB8-8B4A-11D0-8D11-00A0C91BC942}") = "OtherAlgorithm0001", "..\OtherAlgorithm0001\OtherAlgorithm0001.vcxproj", "{72AC4C5E-F4FC-4C70-A2C9-433ED4549073}"
EndProject
Project("{8BC9CEB8-8B4A-11D0-8D11-00A0C91BC942}") = "HEFD_MCSAlgorithm", "..\HEFD_MCSAlgorithm\HEFD_MCSAlgorithm.vcxproj", "{E25CF29D-6B97-479B-A1EF-9F436E021E0D}"
EndProject
Project("{8BC9CEB8-8B4A-11D0-8D11-00A0C91BC942}") = "OtherAlgorithm0002", "..\OtherAlgorithm0002\OtherAlgorithm0002.vcxproj", "{FD5FE4DD-CA9C-45CC-B092-05FE5CBFF410}"
EndProject
Project("{8BC9CEB8-8B4A-11D0-8D11-00A0C91BC942}") = "OtherAlgorithm0003", "..\OtherAlgorithm0003\OtherAlgorithm0003.vcxproj", "{D48F1AFC-5E2B-4ACA-A996-A420344781C5}"
EndProject
Global
	GlobalSection(SolutionConfigurationPlatforms) = preSolution
		Debug|Win32 = Debug|Win32
		Release|Win32 = Release|Win32
	EndGlobalSection
	GlobalSection(ProjectConfigurationPlatforms) = postSolution
		{8DF4F7FC-4E9E-4043-AFB6-D879CE389C02}.Debug|Win32.ActiveCfg = Debug|Win32
		{8DF4F7FC-4E9E-4043-AFB6-D879CE389C02}.Debug|Win32.Build.0 = Debug|Win32
		{8DF4F7FC-4E9E-4043-AFB6-D879CE389C02}.Release|Win32.ActiveCfg = Release|Win32
		{8DF4F7FC-4E9E-4043-AFB6-D879CE389C02}.Release|Win32.Build.0 = Release|Win32
		{72AC4C5E-F4FC-4C70-A2C9-433ED4549073}.Debug|Win32.ActiveCfg = Debug|Win32
		{72AC4C5E-F4FC-4C70-A2C9-433ED4549073}.Debug|Win32.Build.0 = Debug|Win32
		{72AC4C5E-F4FC-4C70-A2C9-433ED4549073}.Release|Win32.ActiveCfg = Release|Win32
		{72AC4C5E-F4FC-4C70-A2C9-433ED4549073}.Release|Win32.Build.0 = Release|Win32
		{E25CF29D-6B97-479B-A1EF-9F436E021E0D}.Debug|Win32.ActiveCfg = Debug|Win32
		{E25CF29D-6B97-479B-A1EF-9F436E021E0D}.Debug|Win32.Build.0 = Debug|Win32
		{E25CF29D-6B97-479B-A1EF-9F436E021E0D}.Release|Win32.ActiveCfg = Release|Win32
		{E25CF29D-6B97-479B-A1EF-9F436E021E0D}.Release|Win32.Build.0 = Release|Win32
		{FD5FE4DD-CA9C-45CC-B092-05FE5CBFF410}.Debug|Win32.ActiveCfg = Debug|Win32
		{FD5FE4DD-CA9C-45CC-B092-05FE5CBFF410}.Debug|Win32.Build.0 = Debug|Win32
		{FD5FE4DD-CA9C-45CC-B092-05FE5CBFF410}.Release|Win32.ActiveCfg = Release|Win32
		{FD5FE4DD-CA9C-45CC-B092-05FE5CBFF410}.Release|Win32.Build.0 = Release|Win32
		{D48F1AFC-5E2B-4ACA-A996-A420344781C5}.Debug|Win32.ActiveCfg = Debug|Win32
		{D48F1AFC-5E2B-4ACA-A996-A420344781C5}.Debug|Win32.Build.0 = Debug|Win32
		{D48F1AFC-5E2B-4ACA-A996-A420344781C5}.Release|Win32.ActiveCfg = Release|Win32
		{D48F1AFC-5E2B-4ACA-A996-A420344781C5}.Release|Win32.Build.0 = Release|Win32
	EndGlobalSection
	GlobalSection(SolutionProperties) = preSolution
		HideSolutionNode = FALSE
	EndGlobalSection
	GlobalSection(ExtensibilityGlobals) = postSolution
		SolutionGuid = {2A0137AF-9AB5-4662-8D9B-5B296B31A9D2}
	EndGlobalSection
EndGlobal
